{
  "name": "stytch_app",
  "version": "1.0.0",
  "lockfileVersion": 3,
  "requires": true,
  "packages": {
    "": {
      "name": "stytch_app",
      "version": "1.0.0",
      "license": "ISC",
      "dependencies": {
        "stytch": "^14.0.0"
      }
    },
    "node_modules/jose": {
      "version": "5.10.0",
      "resolved": "https://registry.npmjs.org/jose/-/jose-5.10.0.tgz",
      "integrity": "sha512-s+3Al/p9g32Iq+oqXxkW//7jk2Vig6FF1CFqzVXoTUXt2qz89YWbL+OwS17NFYEvxC35n0FKeGO2LGYSxeM2Gg==",
      "license": "MIT",
      "funding": {
        "url": "https://github.com/sponsors/panva"
      }
    },
    "node_modules/stytch": {
      "version": "14.0.0",
      "resolved": "https://registry.npmjs.org/stytch/-/stytch-14.0.0.tgz",
      "integrity": "sha512-W4C6JaP/GiMMbKGZ40ECNoNajkcvF7oJAo114ZcycF34P+HXML5B/28xRwwlZh9CJzAinQ33/cDw9/9imCnv/Q==",
      "license": "MIT",
      "dependencies": {
        "jose": "^5.10.0",
        "undici": "^6.24.0"
      },
      "engines": {
        "node": ">= 18.0.0"
      }
    },
    "node_modules/undici": {
      "version": "6.25.0",
      "resolved": "https://registry.npmjs.org/undici/-/undici-6.25.0.tgz",
      "integrity": "sha512-ZgpWDC5gmNiuY9CnLVXEH8rl50xhRCuLNA97fAUnKi8RRuV4E6KG31pDTsLVUKnohJE0I3XDrTeEydAXRw47xg==",
      "license": "MIT",
      "engines": {
        "node": ">=18.17"
      }
    }
  }
}
